// !$*UTF8*$!
{
	archiveVersion = 1;
	classes = {
	};
	objectVersion = 55;
	objects = {

/* Begin PBXBuildFile section */
		09FCD7FD6D41A2AD29E5D35A /* Pods_BusinessApp.framework in Frameworks */ = {isa = PBXBuildFile; fileRef = ABC256841F49BDA1830A9236 /* Pods_BusinessApp.framework */; };
		A918E09A29B57A7F002243F7 /* AppDelegate.swift in Sources */ = {isa = PBXBuildFile; fileRef = A918E09929B57A7F002243F7 /* AppDelegate.swift */; };
		A918E09C29B57A7F002243F7 /* SceneDelegate.swift in Sources */ = {isa = PBXBuildFile; fileRef = A918E09B29B57A7F002243F7 /* SceneDelegate.swift */; };
		A918E09E29B57A7F002243F7 /* ViewController.swift in Sources */ = {isa = PBXBuildFile; fileRef = A918E09D29B57A7F002243F7 /* ViewController.swift */; };
		A918E0A329B57A80002243F7 /* Assets.xcassets in Resources */ = {isa = PBXBuildFile; fileRef = A918E0A229B57A80002243F7 /* Assets.xcassets */; };
		A918E0A629B57A80002243F7 /* LaunchScreen.storyboard in Resources */ = {isa = PBXBuildFile; fileRef = A918E0A429B57A80002243F7 /* LaunchScreen.storyboard */; };
		A918E0B629B66774002243F7 /* RootPresenter.swift in Sources */ = {isa = PBXBuildFile; fileRef = A918E0B529B66774002243F7 /* RootPresenter.swift */; };
/* End PBXBuildFile section */

/* Begin PBXFileReference section */
		1693C24D613FB561300EFEE7 /* Pods-BusinessApp.release.xcconfig */ = {isa = PBXFileReference; includeInIndex = 1; lastKnownFileType = text.xcconfig; name = "Pods-BusinessApp.release.xcconfig"; path = "Target Support Files/Pods-BusinessApp/Pods-BusinessApp.release.xcconfig"; sourceTree = "<group>"; };
		6CDC42F68DAFAE2205FE480D /* Pods-BusinessApp.debug.xcconfig */ = {isa = PBXFileReference; includeInIndex = 1; lastKnownFileType = text.xcconfig; name = "Pods-BusinessApp.debug.xcconfig"; path = "Target Support Files/Pods-BusinessApp/Pods-BusinessApp.debug.xcconfig"; sourceTree = "<group>"; };
		A918E09629B57A7F002243F7 /* BusinessApp.app */ = {isa = PBXFileReference; explicitFileType = wrapper.application; includeInIndex = 0; path = BusinessApp.app; sourceTree = BUILT_PRODUCTS_DIR; };
		A918E09929B57A7F002243F7 /* AppDelegate.swift */ = {isa = PBXFileReference; lastKnownFileType = sourcecode.swift; path = AppDelegate.swift; sourceTree = "<group>"; };
		A918E09B29B57A7F002243F7 /* SceneDelegate.swift */ = {isa = PBXFileReference; lastKnownFileType = sourcecode.swift; path = SceneDelegate.swift; sourceTree = "<group>"; };
		A918E09D29B57A7F002243F7 /* ViewController.swift */ = {isa = PBXFileReference; lastKnownFileType = sourcecode.swift; path = ViewController.swift; sourceTree = "<group>"; };
		A918E0A229B57A80002243F7 /* Assets.xcassets */ = {isa = PBXFileReference; lastKnownFileType = folder.assetcatalog; path = Assets.xcassets; sourceTree = "<group>"; };
		A918E0A529B57A80002243F7 /* Base */ = {isa = PBXFileReference; lastKnownFileType = file.storyboard; name = Base; path = Base.lproj/LaunchScreen.storyboard; sourceTree = "<group>"; };
		A918E0A729B57A80002243F7 /* Info.plist */ = {isa = PBXFileReference; lastKnownFileType = text.plist.xml; path = Info.plist; sourceTree = "<group>"; };
		A918E0B529B66774002243F7 /* RootPresenter.swift */ = {isa = PBXFileReference; lastKnownFileType = sourcecode.swift; path = RootPresenter.swift; sourceTree = "<group>"; };
		ABC256841F49BDA1830A9236 /* Pods_BusinessApp.framework */ = {isa = PBXFileReference; explicitFileType = wrapper.framework; includeInIndex = 0; path = Pods_BusinessApp.framework; sourceTree = BUILT_PRODUCTS_DIR; };
/* End PBXFileReference section */

/* Begin PBXFrameworksBuildPhase section */
		A918E09329B57A7F002243F7 /* Frameworks */ = {
			isa = PBXFrameworksBuildPhase;
			buildActionMask = 2147483647;
			files = (
				09FCD7FD6D41A2AD29E5D35A /* Pods_BusinessApp.framework in Frameworks */,
			);
			runOnlyForDeploymentPostprocessing = 0;
		};
/* End PBXFrameworksBuildPhase section */

/* Begin PBXGroup section */
		28137861CEB6C5D7FF6CD5BA /* Frameworks */ = {
			isa = PBXGroup;
			children = (
				ABC256841F49BDA1830A9236 /* Pods_BusinessApp.framework */,
			);
			name = Frameworks;
			sourceTree = "<group>";
		};
		5769D61E475B5468C193B930 /* Pods */ = {
			isa = PBXGroup;
			children = (
				6CDC42F68DAFAE2205FE480D /* Pods-BusinessApp.debug.xcconfig */,
				1693C24D613FB561300EFEE7 /* Pods-BusinessApp.release.xcconfig */,
			);
			name = Pods;
			path = Pods;
			sourceTree = "<group>";
		};
		A918E08D29B57A7F002243F7 = {
			isa = PBXGroup;
			children = (
				A918E09829B57A7F002243F7 /* BusinessApp */,
				A918E09729B57A7F002243F7 /* Products */,
				5769D61E475B5468C193B930 /* Pods */,
				28137861CEB6C5D7FF6CD5BA /* Frameworks */,
			);
			sourceTree = "<group>";
		};
		A918E09729B57A7F002243F7 /* Products */ = {
			isa = PBXGroup;
			children = (
				A918E09629B57A7F002243F7 /* BusinessApp.app */,
			);
			name = Products;
			sourceTree = "<group>";
		};
		A918E09829B57A7F002243F7 /* BusinessApp */ = {
			isa = PBXGroup;
			children = (
				A918E0B529B66774002243F7 /* RootPresenter.swift */,
				A918E0AE29B6650D002243F7 /* Scenes */,
				A918E0AD29B664A6002243F7 /* Source */,
				A918E09D29B57A7F002243F7 /* ViewController.swift */,
				A918E0A229B57A80002243F7 /* Assets.xcassets */,
				A918E0A429B57A80002243F7 /* LaunchScreen.storyboard */,
				A918E0A729B57A80002243F7 /* Info.plist */,
			);
			path = BusinessApp;
			sourceTree = "<group>";
		};
		A918E0AD29B664A6002243F7 /* Source */ = {
			isa = PBXGroup;
			children = (
				A918E09929B57A7F002243F7 /* AppDelegate.swift */,
				A918E09B29B57A7F002243F7 /* SceneDelegate.swift */,
			);
			path = Source;
			sourceTree = "<group>";
		};
		A918E0AE29B6650D002243F7 /* Scenes */ = {
			isa = PBXGroup;
			children = (
				A918E0AF29B66539002243F7 /* HomeBusinessModule */,
			);
			path = Scenes;
			sourceTree = "<group>";
		};
		A918E0AF29B66539002243F7 /* HomeBusinessModule */ = {
			isa = PBXGroup;
			children = (
				A918E0B329B6668C002243F7 /* Module */,
				A918E0B229B6666F002243F7 /* Models */,
				A918E0B129B66660002243F7 /* View */,
				A918E0B029B6658F002243F7 /* ViewModel */,
			);
			path = HomeBusinessModule;
			sourceTree = "<group>";
		};
		A918E0B029B6658F002243F7 /* ViewModel */ = {
			isa = PBXGroup;
			children = (
			);
			path = ViewModel;
			sourceTree = "<group>";
		};
		A918E0B129B66660002243F7 /* View */ = {
			isa = PBXGroup;
			children = (
			);
			path = View;
			sourceTree = "<group>";
		};
		A918E0B229B6666F002243F7 /* Models */ = {
			isa = PBXGroup;
			children = (
			);
			path = Models;
			sourceTree = "<group>";
		};
		A918E0B329B6668C002243F7 /* Module */ = {
			isa = PBXGroup;
			children = (
			);
			path = Module;
			sourceTree = "<group>";
		};
/* End PBXGroup section */

/* Begin PBXNativeTarget section */
		A918E09529B57A7F002243F7 /* BusinessApp */ = {
			isa = PBXNativeTarget;
			buildConfigurationList = A918E0AA29B57A80002243F7 /* Build configuration list for PBXNativeTarget "BusinessApp" */;
			buildPhases = (
				B1DE47965BEE4FCFBAA8FD17 /* [CP] Check Pods Manifest.lock */,
				A918E09229B57A7F002243F7 /* Sources */,
				A918E09329B57A7F002243F7 /* Frameworks */,
				A918E09429B57A7F002243F7 /* Resources */,
				6C9EA650A7E19B01000BD525 /* [CP] Embed Pods Frameworks */,
			);
			buildRules = (
			);
			dependencies = (
			);
			name = BusinessApp;
			productName = BusinessApp;
			productReference = A918E09629B57A7F002243F7 /* BusinessApp.app */;
			productType = "com.apple.product-type.application";
		};
/* End PBXNativeTarget section */

/* Begin PBXProject section */
		A918E08E29B57A7F002243F7 /* Project object */ = {
			isa = PBXProject;
			attributes = {
				BuildIndependentTargetsInParallel = 1;
				LastSwiftUpdateCheck = 1420;
				LastUpgradeCheck = 1420;
				TargetAttributes = {
					A918E09529B57A7F002243F7 = {
						CreatedOnToolsVersion = 14.2;
					};
				};
			};
			buildConfigurationList = A918E09129B57A7F002243F7 /* Build configuration list for PBXProject "BusinessApp" */;
			compatibilityVersion = "Xcode 13.0";
			developmentRegion = en;
			hasScannedForEncodings = 0;
			knownRegions = (
				en,
				Base,
			);
			mainGroup = A918E08D29B57A7F002243F7;
			productRefGroup = A918E09729B57A7F002243F7 /* Products */;
			projectDirPath = "";
			projectRoot = "";
			targets = (
				A918E09529B57A7F002243F7 /* BusinessApp */,
			);
		};
/* End PBXProject section */

/* Begin PBXResourcesBuildPhase section */
		A918E09429B57A7F002243F7 /* Resources */ = {
			isa = PBXResourcesBuildPhase;
			buildActionMask = 2147483647;
			files = (
				A918E0A629B57A80002243F7 /* LaunchScreen.storyboard in Resources */,
				A918E0A329B57A80002243F7 /* Assets.xcassets in Resources */,
			);
			runOnlyForDeploymentPostprocessing = 0;
		};
/* End PBXResourcesBuildPhase section */

/* Begin PBXShellScriptBuildPhase section */
		6C9EA650A7E19B01000BD525 /* [CP] Embed Pods Frameworks */ = {
			isa = PBXShellScriptBuildPhase;
			buildActionMask = 2147483647;
			files = (
			);
			inputFileListPaths = (
				"${PODS_ROOT}/Target Support Files/Pods-BusinessApp/Pods-BusinessApp-frameworks-${CONFIGURATION}-input-files.xcfilelist",
			);
			name = "[CP] Embed Pods Frameworks";
			outputFileListPaths = (
				"${PODS_ROOT}/Target Support Files/Pods-BusinessApp/Pods-BusinessApp-frameworks-${CONFIGURATION}-output-files.xcfilelist",
			);
			runOnlyForDeploymentPostprocessing = 0;
			shellPath = /bin/sh;
			shellScript = "\"${PODS_ROOT}/Target Support Files/Pods-BusinessApp/Pods-BusinessApp-frameworks.sh\"\n";
			showEnvVarsInLog = 0;
		};
		B1DE47965BEE4FCFBAA8FD17 /* [CP] Check Pods Manifest.lock */ = {
			isa = PBXShellScriptBuildPhase;
			buildActionMask = 2147483647;
			files = (
			);
			inputFileListPaths = (
			);
			inputPaths = (
				"${PODS_PODFILE_DIR_PATH}/Podfile.lock",
				"${PODS_ROOT}/Manifest.lock",
			);
			name = "[CP] Check Pods Manifest.lock";
			outputFileListPaths = (
			);
			outputPaths = (
				"$(DERIVED_FILE_DIR)/Pods-BusinessApp-checkManifestLockResult.txt",
			);
			runOnlyForDeploymentPostprocessing = 0;
			shellPath = /bin/sh;
			shellScript = "diff \"${PODS_PODFILE_DIR_PATH}/Podfile.lock\" \"${PODS_ROOT}/Manifest.lock\" > /dev/null\nif [ $? != 0 ] ; then\n    # print error to STDERR\n    echo \"error: The sandbox is not in sync with the Podfile.lock. Run 'pod install' or update your CocoaPods installation.\" >&2\n    exit 1\nfi\n# This output is used by Xcode 'outputs' to avoid re-running this script phase.\necho \"SUCCESS\" > \"${SCRIPT_OUTPUT_FILE_0}\"\n";
			showEnvVarsInLog = 0;
		};
/* End PBXShellScriptBuildPhase section */

/* Begin PBXSourcesBuildPhase section */
		A918E09229B57A7F002243F7 /* Sources */ = {
			isa = PBXSourcesBuildPhase;
			buildActionMask = 2147483647;
			files = (
				A918E09E29B57A7F002243F7 /* ViewController.swift in Sources */,
				A918E09A29B57A7F002243F7 /* AppDelegate.swift in Sources */,
				A918E0B629B66774002243F7 /* RootPresenter.swift in Sources */,
				A918E09C29B57A7F002243F7 /* SceneDelegate.swift in Sources */,
			);
			runOnlyForDeploymentPostprocessing = 0;
		};
/* End PBXSourcesBuildPhase section */

/* Begin PBXVariantGroup section */
		A918E0A429B57A80002243F7 /* LaunchScreen.storyboard */ = {
			isa = PBXVariantGroup;
			children = (
				A918E0A529B57A80002243F7 /* Base */,
			);
			name = LaunchScreen.storyboard;
			sourceTree = "<group>";
		};
/* End PBXVariantGroup section */

/* Begin XCBuildConfiguration section */
		A918E0A829B57A80002243F7 /* Debug */ = {
			isa = XCBuildConfiguration;
			buildSettings = {
				ALWAYS_SEARCH_USER_PATHS = NO;
				CLANG_ANALYZER_NONNULL = YES;
				CLANG_ANALYZER_NUMBER_OBJECT_CONVERSION = YES_AGGRESSIVE;
				CLANG_CXX_LANGUAGE_STANDARD = "gnu++20";
				CLANG_ENABLE_MODULES = YES;
				CLANG_ENABLE_OBJC_ARC = YES;
				CLANG_ENABLE_OBJC_WEAK = YES;
				CLANG_WARN_BLOCK_CAPTURE_AUTORELEASING = YES;
				CLANG_WARN_BOOL_CONVERSION = YES;
				CLANG_WARN_COMMA = YES;
				CLANG_WARN_CONSTANT_CONVERSION = YES;
				CLANG_WARN_DEPRECATED_OBJC_IMPLEMENTATIONS = YES;
				CLANG_WARN_DIRECT_OBJC_ISA_USAGE = YES_ERROR;
				CLANG_WARN_DOCUMENTATION_COMMENTS = YES;
				CLANG_WARN_EMPTY_BODY = YES;
				CLANG_WARN_ENUM_CONVERSION = YES;
				CLANG_WARN_INFINITE_RECURSION = YES;
				CLANG_WARN_INT_CONVERSION = YES;
				CLANG_WARN_NON_LITERAL_NULL_CONVERSION = YES;
				CLANG_WARN_OBJC_IMPLICIT_RETAIN_SELF = YES;
				CLANG_WARN_OBJC_LITERAL_CONVERSION = YES;
				CLANG_WARN_OBJC_ROOT_CLASS = YES_ERROR;
				CLANG_WARN_QUOTED_INCLUDE_IN_FRAMEWORK_HEADER = YES;
				CLANG_WARN_RANGE_LOOP_ANALYSIS = YES;
				CLANG_WARN_STRICT_PROTOTYPES = YES;
				CLANG_WARN_SUSPICIOUS_MOVE = YES;
				CLANG_WARN_UNGUARDED_AVAILABILITY = YES_AGGRESSIVE;
				CLANG_WARN_UNREACHABLE_CODE = YES;
				CLANG_WARN__DUPLICATE_METHOD_MATCH = YES;
				COPY_PHASE_STRIP = NO;
				DEBUG_INFORMATION_FORMAT = dwarf;
				ENABLE_STRICT_OBJC_MSGSEND = YES;
				ENABLE_TESTABILITY = YES;
				GCC_C_LANGUAGE_STANDARD = gnu11;
				GCC_DYNAMIC_NO_PIC = NO;
				GCC_NO_COMMON_BLOCKS = YES;
				GCC_OPTIMIZATION_LEVEL = 0;
				GCC_PREPROCESSOR_DEFINITIONS = (
					"DEBUG=1",
					"$(inherited)",
				);
				GCC_WARN_64_TO_32_BIT_CONVERSION = YES;
				GCC_WARN_ABOUT_RETURN_TYPE = YES_ERROR;
				GCC_WARN_UNDECLARED_SELECTOR = YES;
				GCC_WARN_UNINITIALIZED_AUTOS = YES_AGGRESSIVE;
				GCC_WARN_UNUSED_FUNCTION = YES;
				GCC_WARN_UNUSED_VARIABLE = YES;
				IPHONEOS_DEPLOYMENT_TARGET = 16.2;
				MTL_ENABLE_DEBUG_INFO = INCLUDE_SOURCE;
				MTL_FAST_MATH = YES;
				ONLY_ACTIVE_ARCH = YES;
				SDKROOT = iphoneos;
				SWIFT_ACTIVE_COMPILATION_CONDITIONS = DEBUG;
				SWIFT_OPTIMIZATION_LEVEL = "-Onone";
			};
			name = Debug;
		};
		A918E0A929B57A80002243F7 /* Release */ = {
			isa = XCBuildConfiguration;
			buildSettings = {
				ALWAYS_SEARCH_USER_PATHS = NO;
				CLANG_ANALYZER_NONNULL = YES;
				CLANG_ANALYZER_NUMBER_OBJECT_CONVERSION = YES_AGGRESSIVE;
				CLANG_CXX_LANGUAGE_STANDARD = "gnu++20";
				CLANG_ENABLE_MODULES = YES;
				CLANG_ENABLE_OBJC_ARC = YES;
				CLANG_ENABLE_OBJC_WEAK = YES;
				CLANG_WARN_BLOCK_CAPTURE_AUTORELEASING = YES;
				CLANG_WARN_BOOL_CONVERSION = YES;
				CLANG_WARN_COMMA = YES;
				CLANG_WARN_CONSTANT_CONVERSION = YES;
				CLANG_WARN_DEPRECATED_OBJC_IMPLEMENTATIONS = YES;
				CLANG_WARN_DIRECT_OBJC_ISA_USAGE = YES_ERROR;
				CLANG_WARN_DOCUMENTATION_COMMENTS = YES;
				CLANG_WARN_EMPTY_BODY = YES;
				CLANG_WARN_ENUM_CONVERSION = YES;
				CLANG_WARN_INFINITE_RECURSION = YES;
				CLANG_WARN_INT_CONVERSION = YES;
				CLANG_WARN_NON_LITERAL_NULL_CONVERSION = YES;
				CLANG_WARN_OBJC_IMPLICIT_RETAIN_SELF = YES;
				CLANG_WARN_OBJC_LITERAL_CONVERSION = YES;
				CLANG_WARN_OBJC_ROOT_CLASS = YES_ERROR;
				CLANG_WARN_QUOTED_INCLUDE_IN_FRAMEWORK_HEADER = YES;
				CLANG_WARN_RANGE_LOOP_ANALYSIS = YES;
				CLANG_WARN_STRICT_PROTOTYPES = YES;
				CLANG_WARN_SUSPICIOUS_MOVE = YES;
				CLANG_WARN_UNGUARDED_AVAILABILITY = YES_AGGRESSIVE;
				CLANG_WARN_UNREACHABLE_CODE = YES;
				CLANG_WARN__DUPLICATE_METHOD_MATCH = YES;
				COPY_PHASE_STRIP = NO;
				DEBUG_INFORMATION_FORMAT = "dwarf-with-dsym";
				ENABLE_NS_ASSERTIONS = NO;
				ENABLE_STRICT_OBJC_MSGSEND = YES;
				GCC_C_LANGUAGE_STANDARD = gnu11;
				GCC_NO_COMMON_BLOCKS = YES;
				GCC_WARN_64_TO_32_BIT_CONVERSION = YES;
				GCC_WARN_ABOUT_RETURN_TYPE = YES_ERROR;
				GCC_WARN_UNDECLARED_SELECTOR = YES;
				GCC_WARN_UNINITIALIZED_AUTOS = YES_AGGRESSIVE;
				GCC_WARN_UNUSED_FUNCTION = YES;
				GCC_WARN_UNUSED_VARIABLE = YES;
				IPHONEOS_DEPLOYMENT_TARGET = 16.2;
				MTL_ENABLE_DEBUG_INFO = NO;
				MTL_FAST_MATH = YES;
				SDKROOT = iphoneos;
				SWIFT_COMPILATION_MODE = wholemodule;
				SWIFT_OPTIMIZATION_LEVEL = "-O";
				VALIDATE_PRODUCT = YES;
			};
			name = Release;
		};
		A918E0AB29B57A80002243F7 /* Debug */ = {
			isa = XCBuildConfiguration;
			baseConfigurationReference = 6CDC42F68DAFAE2205FE480D /* Pods-BusinessApp.debug.xcconfig */;
			buildSettings = {
				ASSETCATALOG_COMPILER_APPICON_NAME = AppIcon;
				ASSETCATALOG_COMPILER_GLOBAL_ACCENT_COLOR_NAME = AccentColor;
				CODE_SIGN_STYLE = Automatic;
				CURRENT_PROJECT_VERSION = 1;
				GENERATE_INFOPLIST_FILE = YES;
				INFOPLIST_FILE = BusinessApp/Info.plist;
				INFOPLIST_KEY_UIApplicationSupportsIndirectInputEvents = YES;
				INFOPLIST_KEY_UILaunchStoryboardName = LaunchScreen;
				INFOPLIST_KEY_UISupportedInterfaceOrientations_iPad = "UIInterfaceOrientationPortrait UIInterfaceOrientationPortraitUpsideDown UIInterfaceOrientationLandscapeLeft UIInterfaceOrientationLandscapeRight";
				INFOPLIST_KEY_UISupportedInterfaceOrientations_iPhone = "UIInterfaceOrientationPortrait UIInterfaceOrientationLandscapeLeft UIInterfaceOrientationLandscapeRight";
				LD_RUNPATH_SEARCH_PATHS = (
					"$(inherited)",
					"@executable_path/Frameworks",
				);
				MARKETING_VERSION = 1.0;
				PRODUCT_BUNDLE_IDENTIFIER = com.BusinessApp.BusinessApp;
				PRODUCT_NAME = "$(TARGET_NAME)";
				SWIFT_EMIT_LOC_STRINGS = YES;
				SWIFT_VERSION = 5.0;
				TARGETED_DEVICE_FAMILY = "1,2";
			};
			name = Debug;
		};
		A918E0AC29B57A80002243F7 /* Release */ = {
			isa = XCBuildConfiguration;
			baseConfigurationReference = 1693C24D613FB561300EFEE7 /* Pods-BusinessApp.release.xcconfig */;
			buildSettings = {
				ASSETCATALOG_COMPILER_APPICON_NAME = AppIcon;
				ASSETCATALOG_COMPILER_GLOBAL_ACCENT_COLOR_NAME = AccentColor;
				CODE_SIGN_STYLE = Automatic;
				CURRENT_PROJECT_VERSION = 1;
				GENERATE_INFOPLIST_FILE = YES;
				INFOPLIST_FILE = BusinessApp/Info.plist;
				INFOPLIST_KEY_UIApplicationSupportsIndirectInputEvents = YES;
				INFOPLIST_KEY_UILaunchStoryboardName = LaunchScreen;
				INFOPLIST_KEY_UISupportedInterfaceOrientations_iPad = "UIInterfaceOrientationPortrait UIInterfaceOrientationPortraitUpsideDown UIInterfaceOrientationLandscapeLeft UIInterfaceOrientationLandscapeRight";
				INFOPLIST_KEY_UISupportedInterfaceOrientations_iPhone = "UIInterfaceOrientationPortrait UIInterfaceOrientationLandscapeLeft UIInterfaceOrientationLandscapeRight";
				LD_RUNPATH_SEARCH_PATHS = (
					"$(inherited)",
					"@executable_path/Frameworks",
				);
				MARKETING_VERSION = 1.0;
				PRODUCT_BUNDLE_IDENTIFIER = com.BusinessApp.BusinessApp;
				PRODUCT_NAME = "$(TARGET_NAME)";
				SWIFT_EMIT_LOC_STRINGS = YES;
				SWIFT_VERSION = 5.0;
				TARGETED_DEVICE_FAMILY = "1,2";
			};
			name = Release;
		};
/* End XCBuildConfiguration section */

/* Begin XCConfigurationList section */
		A918E09129B57A7F002243F7 /* Build configuration list for PBXProject "BusinessApp" */ = {
			isa = XCConfigurationList;
			buildConfigurations = (
				A918E0A829B57A80002243F7 /* Debug */,
				A918E0A929B57A80002243F7 /* Release */,
			);
			defaultConfigurationIsVisible = 0;
			defaultConfigurationName = Release;
		};
		A918E0AA29B57A80002243F7 /* Build configuration list for PBXNativeTarget "BusinessApp" */ = {
			isa = XCConfigurationList;
			buildConfigurations = (
				A918E0AB29B57A80002243F7 /* Debug */,
				A918E0AC29B57A80002243F7 /* Release */,
			);
			defaultConfigurationIsVisible = 0;
			defaultConfigurationName = Release;
		};
/* End XCConfigurationList section */
	};
	rootObject = A918E08E29B57A7F002243F7 /* Project object */;
}
